// !$*UTF8*$!
{
	archiveVersion = 1;
	classes = {
	};
	objectVersion = 56;
	objects = {

/* Begin PBXBuildFile section */
		EB58BBD62D5BBC6F0064668A /* TranslatorApp.swift in Sources */ = {isa = PBXBuildFile; fileRef = EB58BBD52D5BBC6F0064668A /* TranslatorApp.swift */; };
		EB58BBD82D5BBC6F0064668A /* TranslatorView.swift in Sources */ = {isa = PBXBuildFile; fileRef = EB58BBD72D5BBC6F0064668A /* TranslatorView.swift */; };
		EB58BBDA2D5BBC810064668A /* Assets.xcassets in Resources */ = {isa = PBXBuildFile; fileRef = EB58BBD92D5BBC810064668A /* Assets.xcassets */; };
		EB58BBDD2D5BBC810064668A /* Preview Assets.xcassets in Resources */ = {isa = PBXBuildFile; fileRef = EB58BBDC2D5BBC810064668A /* Preview Assets.xcassets */; };
		EB58BBE52D5BC1EE0064668A /* konkhmer-sleokchher-normal.ttf in Resources */ = {isa = PBXBuildFile; fileRef = EB58BBE42D5BC1EE0064668A /* konkhmer-sleokchher-normal.ttf */; };
		EB58BBE92D5BC4410064668A /* CustomFonts.swift in Sources */ = {isa = PBXBuildFile; fileRef = EB58BBE82D5BC4410064668A /* CustomFonts.swift */; };
		EB58BBF72D5BCF3A0064668A /* voiceLottieAnimation.json in Resources */ = {isa = PBXBuildFile; fileRef = EB58BBF62D5BCF3A0064668A /* voiceLottieAnimation.json */; };
/* End PBXBuildFile section */

/* Begin PBXFileReference section */
		EB58BBD22D5BBC6F0064668A /* Translator.app */ = {isa = PBXFileReference; explicitFileType = wrapper.application; includeInIndex = 0; path = Translator.app; sourceTree = BUILT_PRODUCTS_DIR; };
		EB58BBD52D5BBC6F0064668A /* TranslatorApp.swift */ = {isa = PBXFileReference; lastKnownFileType = sourcecode.swift; path = TranslatorApp.swift; sourceTree = "<group>"; };
		EB58BBD72D5BBC6F0064668A /* TranslatorView.swift */ = {isa = PBXFileReference; lastKnownFileType = sourcecode.swift; path = TranslatorView.swift; sourceTree = "<group>"; };
		EB58BBD92D5BBC810064668A /* Assets.xcassets */ = {isa = PBXFileReference; lastKnownFileType = folder.assetcatalog; path = Assets.xcassets; sourceTree = "<group>"; };
		EB58BBDC2D5BBC810064668A /* Preview Assets.xcassets */ = {isa = PBXFileReference; lastKnownFileType = folder.assetcatalog; path = "Preview Assets.xcassets"; sourceTree = "<group>"; };
		EB58BBE42D5BC1EE0064668A /* konkhmer-sleokchher-normal.ttf */ = {isa = PBXFileReference; lastKnownFileType = file; path = "konkhmer-sleokchher-normal.ttf"; sourceTree = "<group>"; };
		EB58BBE62D5BC23B0064668A /* Info.plist */ = {isa = PBXFileReference; lastKnownFileType = text.plist; path = Info.plist; sourceTree = "<group>"; };
		EB58BBE82D5BC4410064668A /* CustomFonts.swift */ = {isa = PBXFileReference; lastKnownFileType = sourcecode.swift; path = CustomFonts.swift; sourceTree = "<group>"; };
		EB58BBF62D5BCF3A0064668A /* voiceLottieAnimation.json */ = {isa = PBXFileReference; fileEncoding = 4; lastKnownFileType = text.json; path = voiceLottieAnimation.json; sourceTree = "<group>"; };
/* End PBXFileReference section */

/* Begin PBXFrameworksBuildPhase section */
		EB58BBCF2D5BBC6F0064668A /* Frameworks */ = {
			isa = PBXFrameworksBuildPhase;
			buildActionMask = 2147483647;
			files = (
			);
			runOnlyForDeploymentPostprocessing = 0;
		};
/* End PBXFrameworksBuildPhase section */

/* Begin PBXGroup section */
		EB58BBC92D5BBC6F0064668A = {
			isa = PBXGroup;
			children = (
				EB58BBD42D5BBC6F0064668A /* Translator */,
				EB58BBD32D5BBC6F0064668A /* Products */,
			);
			sourceTree = "<group>";
		};
		EB58BBD32D5BBC6F0064668A /* Products */ = {
			isa = PBXGroup;
			children = (
				EB58BBD22D5BBC6F0064668A /* Translator.app */,
			);
			name = Products;
			sourceTree = "<group>";
		};
		EB58BBD42D5BBC6F0064668A /* Translator */ = {
			isa = PBXGroup;
			children = (
				EB58BBE62D5BC23B0064668A /* Info.plist */,
				EB58BBEE2D5BCB430064668A /* App */,
				EB58BBEF2D5BCB560064668A /* Core */,
				EB58BBEA2D5BCA800064668A /* LottieAnimation */,
				EB58BBE72D5BC4280064668A /* Extensions */,
				EB58BBE32D5BC18A0064668A /*  Font */,
				EB58BBD92D5BBC810064668A /* Assets.xcassets */,
				EB58BBDB2D5BBC810064668A /* Preview Content */,
			);
			path = Translator;
			sourceTree = "<group>";
		};
		EB58BBDB2D5BBC810064668A /* Preview Content */ = {
			isa = PBXGroup;
			children = (
				EB58BBDC2D5BBC810064668A /* Preview Assets.xcassets */,
			);
			path = "Preview Content";
			sourceTree = "<group>";
		};
		EB58BBE32D5BC18A0064668A /*  Font */ = {
			isa = PBXGroup;
			children = (
				EB58BBE42D5BC1EE0064668A /* konkhmer-sleokchher-normal.ttf */,
			);
			path = " Font";
			sourceTree = "<group>";
		};
		EB58BBE72D5BC4280064668A /* Extensions */ = {
			isa = PBXGroup;
			children = (
				EB58BBE82D5BC4410064668A /* CustomFonts.swift */,
			);
			path = Extensions;
			sourceTree = "<group>";
		};
		EB58BBEA2D5BCA800064668A /* LottieAnimation */ = {
			isa = PBXGroup;
			children = (
				EB58BBF62D5BCF3A0064668A /* voiceLottieAnimation.json */,
			);
			path = LottieAnimation;
			sourceTree = "<group>";
		};
		EB58BBEE2D5BCB430064668A /* App */ = {
			isa = PBXGroup;
			children = (
				EB58BBD52D5BBC6F0064668A /* TranslatorApp.swift */,
			);
			path = App;
			sourceTree = "<group>";
		};
		EB58BBEF2D5BCB560064668A /* Core */ = {
			isa = PBXGroup;
			children = (
				EB58BBF22D5BCC490064668A /* TranslatorScreen */,
				EB58BBF52D5BCDBD0064668A /* ResultScreen */,
				EB58BBF42D5BCC630064668A /* SettingsScreen */,
				EB58BBF32D5BCC510064668A /* Tabbar */,
			);
			path = Core;
			sourceTree = "<group>";
		};
		EB58BBF22D5BCC490064668A /* TranslatorScreen */ = {
			isa = PBXGroup;
			children = (
				EB58BBD72D5BBC6F0064668A /* TranslatorView.swift */,
			);
			path = TranslatorScreen;
			sourceTree = "<group>";
		};
		EB58BBF32D5BCC510064668A /* Tabbar */ = {
			isa = PBXGroup;
			children = (
			);
			path = Tabbar;
			sourceTree = "<group>";
		};
		EB58BBF42D5BCC630064668A /* SettingsScreen */ = {
			isa = PBXGroup;
			children = (
			);
			path = SettingsScreen;
			sourceTree = "<group>";
		};
		EB58BBF52D5BCDBD0064668A /* ResultScreen */ = {
			isa = PBXGroup;
			children = (
			);
			path = ResultScreen;
			sourceTree = "<group>";
		};
/* End PBXGroup section */

/* Begin PBXNativeTarget section */
		EB58BBD12D5BBC6F0064668A /* Translator */ = {
			isa = PBXNativeTarget;
			buildConfigurationList = EB58BBE02D5BBC810064668A /* Build configuration list for PBXNativeTarget "Translator" */;
			buildPhases = (
				EB58BBCE2D5BBC6F0064668A /* Sources */,
				EB58BBCF2D5BBC6F0064668A /* Frameworks */,
				EB58BBD02D5BBC6F0064668A /* Resources */,
			);
			buildRules = (
			);
			dependencies = (
			);
			name = Translator;
			productName = Translator;
			productReference = EB58BBD22D5BBC6F0064668A /* Translator.app */;
			productType = "com.apple.product-type.application";
		};
/* End PBXNativeTarget section */

/* Begin PBXProject section */
		EB58BBCA2D5BBC6F0064668A /* Project object */ = {
			isa = PBXProject;
			attributes = {
				BuildIndependentTargetsInParallel = 1;
				LastSwiftUpdateCheck = 1500;
				LastUpgradeCheck = 1500;
				TargetAttributes = {
					EB58BBD12D5BBC6F0064668A = {
						CreatedOnToolsVersion = 15.0.1;
					};
				};
			};
			buildConfigurationList = EB58BBCD2D5BBC6F0064668A /* Build configuration list for PBXProject "Translator" */;
			compatibilityVersion = "Xcode 14.0";
			developmentRegion = en;
			hasScannedForEncodings = 0;
			knownRegions = (
				en,
				Base,
			);
			mainGroup = EB58BBC92D5BBC6F0064668A;
			productRefGroup = EB58BBD32D5BBC6F0064668A /* Products */;
			projectDirPath = "";
			projectRoot = "";
			targets = (
				EB58BBD12D5BBC6F0064668A /* Translator */,
			);
		};
/* End PBXProject section */

/* Begin PBXResourcesBuildPhase section */
		EB58BBD02D5BBC6F0064668A /* Resources */ = {
			isa = PBXResourcesBuildPhase;
			buildActionMask = 2147483647;
			files = (
				EB58BBF72D5BCF3A0064668A /* voiceLottieAnimation.json in Resources */,
				EB58BBDD2D5BBC810064668A /* Preview Assets.xcassets in Resources */,
				EB58BBDA2D5BBC810064668A /* Assets.xcassets in Resources */,
				EB58BBE52D5BC1EE0064668A /* konkhmer-sleokchher-normal.ttf in Resources */,
			);
			runOnlyForDeploymentPostprocessing = 0;
		};
/* End PBXResourcesBuildPhase section */

/* Begin PBXSourcesBuildPhase section */
		EB58BBCE2D5BBC6F0064668A /* Sources */ = {
			isa = PBXSourcesBuildPhase;
			buildActionMask = 2147483647;
			files = (
				EB58BBE92D5BC4410064668A /* CustomFonts.swift in Sources */,
				EB58BBD82D5BBC6F0064668A /* TranslatorView.swift in Sources */,
				EB58BBD62D5BBC6F0064668A /* TranslatorApp.swift in Sources */,
			);
			runOnlyForDeploymentPostprocessing = 0;
		};
/* End PBXSourcesBuildPhase section */

/* Begin XCBuildConfiguration section */
		EB58BBDE2D5BBC810064668A /* Debug */ = {
			isa = XCBuildConfiguration;
			buildSettings = {
				ALWAYS_SEARCH_USER_PATHS = NO;
				ASSETCATALOG_COMPILER_GENERATE_SWIFT_ASSET_SYMBOL_EXTENSIONS = YES;
				CLANG_ANALYZER_NONNULL = YES;
				CLANG_ANALYZER_NUMBER_OBJECT_CONVERSION = YES_AGGRESSIVE;
				CLANG_CXX_LANGUAGE_STANDARD = "gnu++20";
				CLANG_ENABLE_MODULES = YES;
				CLANG_ENABLE_OBJC_ARC = YES;
				CLANG_ENABLE_OBJC_WEAK = YES;
				CLANG_WARN_BLOCK_CAPTURE_AUTORELEASING = YES;
				CLANG_WARN_BOOL_CONVERSION = YES;
				CLANG_WARN_COMMA = YES;
				CLANG_WARN_CONSTANT_CONVERSION = YES;
				CLANG_WARN_DEPRECATED_OBJC_IMPLEMENTATIONS = YES;
				CLANG_WARN_DIRECT_OBJC_ISA_USAGE = YES_ERROR;
				CLANG_WARN_DOCUMENTATION_COMMENTS = YES;
				CLANG_WARN_EMPTY_BODY = YES;
				CLANG_WARN_ENUM_CONVERSION = YES;
				CLANG_WARN_INFINITE_RECURSION = YES;
				CLANG_WARN_INT_CONVERSION = YES;
				CLANG_WARN_NON_LITERAL_NULL_CONVERSION = YES;
				CLANG_WARN_OBJC_IMPLICIT_RETAIN_SELF = YES;
				CLANG_WARN_OBJC_LITERAL_CONVERSION = YES;
				CLANG_WARN_OBJC_ROOT_CLASS = YES_ERROR;
				CLANG_WARN_QUOTED_INCLUDE_IN_FRAMEWORK_HEADER = YES;
				CLANG_WARN_RANGE_LOOP_ANALYSIS = YES;
				CLANG_WARN_STRICT_PROTOTYPES = YES;
				CLANG_WARN_SUSPICIOUS_MOVE = YES;
				CLANG_WARN_UNGUARDED_AVAILABILITY = YES_AGGRESSIVE;
				CLANG_WARN_UNREACHABLE_CODE = YES;
				CLANG_WARN__DUPLICATE_METHOD_MATCH = YES;
				COPY_PHASE_STRIP = NO;
				DEBUG_INFORMATION_FORMAT = dwarf;
				ENABLE_STRICT_OBJC_MSGSEND = YES;
				ENABLE_TESTABILITY = YES;
				ENABLE_USER_SCRIPT_SANDBOXING = YES;
				GCC_C_LANGUAGE_STANDARD = gnu17;
				GCC_DYNAMIC_NO_PIC = NO;
				GCC_NO_COMMON_BLOCKS = YES;
				GCC_OPTIMIZATION_LEVEL = 0;
				GCC_PREPROCESSOR_DEFINITIONS = (
					"DEBUG=1",
					"$(inherited)",
				);
				GCC_WARN_64_TO_32_BIT_CONVERSION = YES;
				GCC_WARN_ABOUT_RETURN_TYPE = YES_ERROR;
				GCC_WARN_UNDECLARED_SELECTOR = YES;
				GCC_WARN_UNINITIALIZED_AUTOS = YES_AGGRESSIVE;
				GCC_WARN_UNUSED_FUNCTION = YES;
				GCC_WARN_UNUSED_VARIABLE = YES;
				IPHONEOS_DEPLOYMENT_TARGET = 15.0;
				LOCALIZATION_PREFERS_STRING_CATALOGS = YES;
				MTL_ENABLE_DEBUG_INFO = INCLUDE_SOURCE;
				MTL_FAST_MATH = YES;
				ONLY_ACTIVE_ARCH = YES;
				SDKROOT = iphoneos;
				SWIFT_ACTIVE_COMPILATION_CONDITIONS = "DEBUG $(inherited)";
				SWIFT_OPTIMIZATION_LEVEL = "-Onone";
			};
			name = Debug;
		};
		EB58BBDF2D5BBC810064668A /* Release */ = {
			isa = XCBuildConfiguration;
			buildSettings = {
				ALWAYS_SEARCH_USER_PATHS = NO;
				ASSETCATALOG_COMPILER_GENERATE_SWIFT_ASSET_SYMBOL_EXTENSIONS = YES;
				CLANG_ANALYZER_NONNULL = YES;
				CLANG_ANALYZER_NUMBER_OBJECT_CONVERSION = YES_AGGRESSIVE;
				CLANG_CXX_LANGUAGE_STANDARD = "gnu++20";
				CLANG_ENABLE_MODULES = YES;
				CLANG_ENABLE_OBJC_ARC = YES;
				CLANG_ENABLE_OBJC_WEAK = YES;
				CLANG_WARN_BLOCK_CAPTURE_AUTORELEASING = YES;
				CLANG_WARN_BOOL_CONVERSION = YES;
				CLANG_WARN_COMMA = YES;
				CLANG_WARN_CONSTANT_CONVERSION = YES;
				CLANG_WARN_DEPRECATED_OBJC_IMPLEMENTATIONS = YES;
				CLANG_WARN_DIRECT_OBJC_ISA_USAGE = YES_ERROR;
				CLANG_WARN_DOCUMENTATION_COMMENTS = YES;
				CLANG_WARN_EMPTY_BODY = YES;
				CLANG_WARN_ENUM_CONVERSION = YES;
				CLANG_WARN_INFINITE_RECURSION = YES;
				CLANG_WARN_INT_CONVERSION = YES;
				CLANG_WARN_NON_LITERAL_NULL_CONVERSION = YES;
				CLANG_WARN_OBJC_IMPLICIT_RETAIN_SELF = YES;
				CLANG_WARN_OBJC_LITERAL_CONVERSION = YES;
				CLANG_WARN_OBJC_ROOT_CLASS = YES_ERROR;
				CLANG_WARN_QUOTED_INCLUDE_IN_FRAMEWORK_HEADER = YES;
				CLANG_WARN_RANGE_LOOP_ANALYSIS = YES;
				CLANG_WARN_STRICT_PROTOTYPES = YES;
				CLANG_WARN_SUSPICIOUS_MOVE = YES;
				CLANG_WARN_UNGUARDED_AVAILABILITY = YES_AGGRESSIVE;
				CLANG_WARN_UNREACHABLE_CODE = YES;
				CLANG_WARN__DUPLICATE_METHOD_MATCH = YES;
				COPY_PHASE_STRIP = NO;
				DEBUG_INFORMATION_FORMAT = "dwarf-with-dsym";
				ENABLE_NS_ASSERTIONS = NO;
				ENABLE_STRICT_OBJC_MSGSEND = YES;
				ENABLE_USER_SCRIPT_SANDBOXING = YES;
				GCC_C_LANGUAGE_STANDARD = gnu17;
				GCC_NO_COMMON_BLOCKS = YES;
				GCC_WARN_64_TO_32_BIT_CONVERSION = YES;
				GCC_WARN_ABOUT_RETURN_TYPE = YES_ERROR;
				GCC_WARN_UNDECLARED_SELECTOR = YES;
				GCC_WARN_UNINITIALIZED_AUTOS = YES_AGGRESSIVE;
				GCC_WARN_UNUSED_FUNCTION = YES;
				GCC_WARN_UNUSED_VARIABLE = YES;
				IPHONEOS_DEPLOYMENT_TARGET = 15.0;
				LOCALIZATION_PREFERS_STRING_CATALOGS = YES;
				MTL_ENABLE_DEBUG_INFO = NO;
				MTL_FAST_MATH = YES;
				SDKROOT = iphoneos;
				SWIFT_COMPILATION_MODE = wholemodule;
				VALIDATE_PRODUCT = YES;
			};
			name = Release;
		};
		EB58BBE12D5BBC810064668A /* Debug */ = {
			isa = XCBuildConfiguration;
			buildSettings = {
				ASSETCATALOG_COMPILER_APPICON_NAME = AppIcon;
				ASSETCATALOG_COMPILER_GLOBAL_ACCENT_COLOR_NAME = AccentColor;
				CODE_SIGN_STYLE = Automatic;
				CURRENT_PROJECT_VERSION = 1;
				DEVELOPMENT_ASSET_PATHS = "\"Translator/Preview Content\"";
				DEVELOPMENT_TEAM = 3XK355J24V;
				ENABLE_PREVIEWS = YES;
				GENERATE_INFOPLIST_FILE = YES;
				INFOPLIST_FILE = Translator/Info.plist;
				INFOPLIST_KEY_UIApplicationSceneManifest_Generation = YES;
				INFOPLIST_KEY_UIApplicationSupportsIndirectInputEvents = YES;
				INFOPLIST_KEY_UILaunchScreen_Generation = YES;
				INFOPLIST_KEY_UISupportedInterfaceOrientations = UIInterfaceOrientationPortrait;
				INFOPLIST_KEY_UISupportedInterfaceOrientations_iPad = "UIInterfaceOrientationLandscapeLeft UIInterfaceOrientationLandscapeRight UIInterfaceOrientationPortrait UIInterfaceOrientationPortraitUpsideDown";
				LD_RUNPATH_SEARCH_PATHS = (
					"$(inherited)",
					"@executable_path/Frameworks",
				);
				MARKETING_VERSION = 1.0;
				PRODUCT_BUNDLE_IDENTIFIER = gR.Translator;
				PRODUCT_NAME = "$(TARGET_NAME)";
				SUPPORTED_PLATFORMS = "iphoneos iphonesimulator";
				SUPPORTS_MACCATALYST = NO;
				SUPPORTS_MAC_DESIGNED_FOR_IPHONE_IPAD = NO;
				SWIFT_EMIT_LOC_STRINGS = YES;
				SWIFT_VERSION = 5.0;
				TARGETED_DEVICE_FAMILY = 1;
			};
			name = Debug;
		};
		EB58BBE22D5BBC810064668A /* Release */ = {
			isa = XCBuildConfiguration;
			buildSettings = {
				ASSETCATALOG_COMPILER_APPICON_NAME = AppIcon;
				ASSETCATALOG_COMPILER_GLOBAL_ACCENT_COLOR_NAME = AccentColor;
				CODE_SIGN_STYLE = Automatic;
				CURRENT_PROJECT_VERSION = 1;
				DEVELOPMENT_ASSET_PATHS = "\"Translator/Preview Content\"";
				DEVELOPMENT_TEAM = 3XK355J24V;
				ENABLE_PREVIEWS = YES;
				GENERATE_INFOPLIST_FILE = YES;
				INFOPLIST_FILE = Translator/Info.plist;
				INFOPLIST_KEY_UIApplicationSceneManifest_Generation = YES;
				INFOPLIST_KEY_UIApplicationSupportsIndirectInputEvents = YES;
				INFOPLIST_KEY_UILaunchScreen_Generation = YES;
				INFOPLIST_KEY_UISupportedInterfaceOrientations = UIInterfaceOrientationPortrait;
				INFOPLIST_KEY_UISupportedInterfaceOrientations_iPad = "UIInterfaceOrientationLandscapeLeft UIInterfaceOrientationLandscapeRight UIInterfaceOrientationPortrait UIInterfaceOrientationPortraitUpsideDown";
				LD_RUNPATH_SEARCH_PATHS = (
					"$(inherited)",
					"@executable_path/Frameworks",
				);
				MARKETING_VERSION = 1.0;
				PRODUCT_BUNDLE_IDENTIFIER = gR.Translator;
				PRODUCT_NAME = "$(TARGET_NAME)";
				SUPPORTED_PLATFORMS = "iphoneos iphonesimulator";
				SUPPORTS_MACCATALYST = NO;
				SUPPORTS_MAC_DESIGNED_FOR_IPHONE_IPAD = NO;
				SWIFT_EMIT_LOC_STRINGS = YES;
				SWIFT_VERSION = 5.0;
				TARGETED_DEVICE_FAMILY = 1;
			};
			name = Release;
		};
/* End XCBuildConfiguration section */

/* Begin XCConfigurationList section */
		EB58BBCD2D5BBC6F0064668A /* Build configuration list for PBXProject "Translator" */ = {
			isa = XCConfigurationList;
			buildConfigurations = (
				EB58BBDE2D5BBC810064668A /* Debug */,
				EB58BBDF2D5BBC810064668A /* Release */,
			);
			defaultConfigurationIsVisible = 0;
			defaultConfigurationName = Release;
		};
		EB58BBE02D5BBC810064668A /* Build configuration list for PBXNativeTarget "Translator" */ = {
			isa = XCConfigurationList;
			buildConfigurations = (
				EB58BBE12D5BBC810064668A /* Debug */,
				EB58BBE22D5BBC810064668A /* Release */,
			);
			defaultConfigurationIsVisible = 0;
			defaultConfigurationName = Release;
		};
/* End XCConfigurationList section */
	};
	rootObject = EB58BBCA2D5BBC6F0064668A /* Project object */;
}
